// !$*UTF8*$!
{
	archiveVersion = 1;
	classes = {
	};
	objectVersion = 56;
	objects = {

/* Begin PBXBuildFile section */
		6AA00BF9296BBE2D009FB656 /* AppDelegate.swift in Sources */ = {isa = PBXBuildFile; fileRef = 6AA00BF8296BBE2D009FB656 /* AppDelegate.swift */; };
		6AA00BFB296BBE2D009FB656 /* SceneDelegate.swift in Sources */ = {isa = PBXBuildFile; fileRef = 6AA00BFA296BBE2D009FB656 /* SceneDelegate.swift */; };
		6AA00BFD296BBE2D009FB656 /* MessegesViewController.swift in Sources */ = {isa = PBXBuildFile; fileRef = 6AA00BFC296BBE2D009FB656 /* MessegesViewController.swift */; };
		6AA00C02296BBE2F009FB656 /* Assets.xcassets in Resources */ = {isa = PBXBuildFile; fileRef = 6AA00C01296BBE2F009FB656 /* Assets.xcassets */; };
		6AA00C05296BBE2F009FB656 /* LaunchScreen.storyboard in Resources */ = {isa = PBXBuildFile; fileRef = 6AA00C03296BBE2F009FB656 /* LaunchScreen.storyboard */; };
		6AA00C13296BBFB0009FB656 /* Messages.framework in Frameworks */ = {isa = PBXBuildFile; fileRef = 6AA00C12296BBFB0009FB656 /* Messages.framework */; };
		6AA00C16296BBFB0009FB656 /* MessagesViewController.swift in Sources */ = {isa = PBXBuildFile; fileRef = 6AA00C15296BBFB0009FB656 /* MessagesViewController.swift */; };
		6AA00C19296BBFB0009FB656 /* MainInterface.storyboard in Resources */ = {isa = PBXBuildFile; fileRef = 6AA00C17296BBFB0009FB656 /* MainInterface.storyboard */; };
		6AA00C1B296BBFB2009FB656 /* Assets.xcassets in Resources */ = {isa = PBXBuildFile; fileRef = 6AA00C1A296BBFB2009FB656 /* Assets.xcassets */; };
		6AA00C1F296BBFB2009FB656 /* iMessageExtension.appex in Embed Foundation Extensions */ = {isa = PBXBuildFile; fileRef = 6AA00C10296BBFB0009FB656 /* iMessageExtension.appex */; settings = {ATTRIBUTES = (RemoveHeadersOnCopy, ); }; };
		6AA00C2B296BCBB5009FB656 /* MessageCell.swift in Sources */ = {isa = PBXBuildFile; fileRef = 6AA00C2A296BCBB5009FB656 /* MessageCell.swift */; };
/* End PBXBuildFile section */

/* Begin PBXContainerItemProxy section */
		6AA00C1D296BBFB2009FB656 /* PBXContainerItemProxy */ = {
			isa = PBXContainerItemProxy;
			containerPortal = 6AA00BED296BBE2D009FB656 /* Project object */;
			proxyType = 1;
			remoteGlobalIDString = 6AA00C0F296BBFB0009FB656;
			remoteInfo = iMessageExtension;
		};
/* End PBXContainerItemProxy section */

/* Begin PBXCopyFilesBuildPhase section */
		6AA00C23296BBFB2009FB656 /* Embed Foundation Extensions */ = {
			isa = PBXCopyFilesBuildPhase;
			buildActionMask = 2147483647;
			dstPath = "";
			dstSubfolderSpec = 13;
			files = (
				6AA00C1F296BBFB2009FB656 /* iMessageExtension.appex in Embed Foundation Extensions */,
			);
			name = "Embed Foundation Extensions";
			runOnlyForDeploymentPostprocessing = 0;
		};
/* End PBXCopyFilesBuildPhase section */

/* Begin PBXFileReference section */
		6AA00BF5296BBE2D009FB656 /* iMessageApp.app */ = {isa = PBXFileReference; explicitFileType = wrapper.application; includeInIndex = 0; path = iMessageApp.app; sourceTree = BUILT_PRODUCTS_DIR; };
		6AA00BF8296BBE2D009FB656 /* AppDelegate.swift */ = {isa = PBXFileReference; lastKnownFileType = sourcecode.swift; path = AppDelegate.swift; sourceTree = "<group>"; };
		6AA00BFA296BBE2D009FB656 /* SceneDelegate.swift */ = {isa = PBXFileReference; lastKnownFileType = sourcecode.swift; path = SceneDelegate.swift; sourceTree = "<group>"; };
		6AA00BFC296BBE2D009FB656 /* MessegesViewController.swift */ = {isa = PBXFileReference; lastKnownFileType = sourcecode.swift; path = MessegesViewController.swift; sourceTree = "<group>"; };
		6AA00C01296BBE2F009FB656 /* Assets.xcassets */ = {isa = PBXFileReference; lastKnownFileType = folder.assetcatalog; path = Assets.xcassets; sourceTree = "<group>"; };
		6AA00C04296BBE2F009FB656 /* Base */ = {isa = PBXFileReference; lastKnownFileType = file.storyboard; name = Base; path = Base.lproj/LaunchScreen.storyboard; sourceTree = "<group>"; };
		6AA00C06296BBE2F009FB656 /* Info.plist */ = {isa = PBXFileReference; lastKnownFileType = text.plist.xml; path = Info.plist; sourceTree = "<group>"; };
		6AA00C10296BBFB0009FB656 /* iMessageExtension.appex */ = {isa = PBXFileReference; explicitFileType = "wrapper.app-extension"; includeInIndex = 0; path = iMessageExtension.appex; sourceTree = BUILT_PRODUCTS_DIR; };
		6AA00C12296BBFB0009FB656 /* Messages.framework */ = {isa = PBXFileReference; lastKnownFileType = wrapper.framework; name = Messages.framework; path = System/Library/Frameworks/Messages.framework; sourceTree = SDKROOT; };
		6AA00C15296BBFB0009FB656 /* MessagesViewController.swift */ = {isa = PBXFileReference; lastKnownFileType = sourcecode.swift; path = MessagesViewController.swift; sourceTree = "<group>"; };
		6AA00C18296BBFB0009FB656 /* Base */ = {isa = PBXFileReference; lastKnownFileType = file.storyboard; name = Base; path = Base.lproj/MainInterface.storyboard; sourceTree = "<group>"; };
		6AA00C1A296BBFB2009FB656 /* Assets.xcassets */ = {isa = PBXFileReference; lastKnownFileType = folder.assetcatalog; path = Assets.xcassets; sourceTree = "<group>"; };
		6AA00C1C296BBFB2009FB656 /* Info.plist */ = {isa = PBXFileReference; lastKnownFileType = text.plist.xml; path = Info.plist; sourceTree = "<group>"; };
		6AA00C24296BC213009FB656 /* iMessageApp.entitlements */ = {isa = PBXFileReference; lastKnownFileType = text.plist.entitlements; path = iMessageApp.entitlements; sourceTree = "<group>"; };
		6AA00C25296BC296009FB656 /* iMessageExtension.entitlements */ = {isa = PBXFileReference; lastKnownFileType = text.plist.entitlements; path = iMessageExtension.entitlements; sourceTree = "<group>"; };
		6AA00C2A296BCBB5009FB656 /* MessageCell.swift */ = {isa = PBXFileReference; lastKnownFileType = sourcecode.swift; path = MessageCell.swift; sourceTree = "<group>"; };
/* End PBXFileReference section */

/* Begin PBXFrameworksBuildPhase section */
		6AA00BF2296BBE2D009FB656 /* Frameworks */ = {
			isa = PBXFrameworksBuildPhase;
			buildActionMask = 2147483647;
			files = (
			);
			runOnlyForDeploymentPostprocessing = 0;
		};
		6AA00C0D296BBFB0009FB656 /* Frameworks */ = {
			isa = PBXFrameworksBuildPhase;
			buildActionMask = 2147483647;
			files = (
				6AA00C13296BBFB0009FB656 /* Messages.framework in Frameworks */,
			);
			runOnlyForDeploymentPostprocessing = 0;
		};
/* End PBXFrameworksBuildPhase section */

/* Begin PBXGroup section */
		6A59F456296C54720036E61B /* Supporting Files */ = {
			isa = PBXGroup;
			children = (
				6AA00C03296BBE2F009FB656 /* LaunchScreen.storyboard */,
				6AA00C24296BC213009FB656 /* iMessageApp.entitlements */,
				6AA00C06296BBE2F009FB656 /* Info.plist */,
			);
			name = "Supporting Files";
			sourceTree = "<group>";
		};
		6AA00BEC296BBE2D009FB656 = {
			isa = PBXGroup;
			children = (
				6AA00BF7296BBE2D009FB656 /* iMessageApp */,
				6AA00C14296BBFB0009FB656 /* iMessageExtension */,
				6AA00C11296BBFB0009FB656 /* Frameworks */,
				6AA00BF6296BBE2D009FB656 /* Products */,
			);
			sourceTree = "<group>";
		};
		6AA00BF6296BBE2D009FB656 /* Products */ = {
			isa = PBXGroup;
			children = (
				6AA00BF5296BBE2D009FB656 /* iMessageApp.app */,
				6AA00C10296BBFB0009FB656 /* iMessageExtension.appex */,
			);
			name = Products;
			sourceTree = "<group>";
		};
		6AA00BF7296BBE2D009FB656 /* iMessageApp */ = {
			isa = PBXGroup;
			children = (
				6AA00C2E296BCC09009FB656 /* Asset */,
				6A59F456296C54720036E61B /* Supporting Files */,
				6AA00C2C296BCBD9009FB656 /* Helpers */,
				6AA00C26296BC39D009FB656 /* Modules */,
			);
			path = iMessageApp;
			sourceTree = "<group>";
		};
		6AA00C11296BBFB0009FB656 /* Frameworks */ = {
			isa = PBXGroup;
			children = (
				6AA00C12296BBFB0009FB656 /* Messages.framework */,
			);
			name = Frameworks;
			sourceTree = "<group>";
		};
		6AA00C14296BBFB0009FB656 /* iMessageExtension */ = {
			isa = PBXGroup;
			children = (
				6AA00C25296BC296009FB656 /* iMessageExtension.entitlements */,
				6AA00C15296BBFB0009FB656 /* MessagesViewController.swift */,
				6AA00C17296BBFB0009FB656 /* MainInterface.storyboard */,
				6AA00C1A296BBFB2009FB656 /* Assets.xcassets */,
				6AA00C1C296BBFB2009FB656 /* Info.plist */,
			);
			path = iMessageExtension;
			sourceTree = "<group>";
		};
		6AA00C26296BC39D009FB656 /* Modules */ = {
			isa = PBXGroup;
			children = (
				6AA00C28296BC3F4009FB656 /* Messages */,
				6AA00C27296BC3B1009FB656 /* App */,
			);
			path = Modules;
			sourceTree = "<group>";
		};
		6AA00C27296BC3B1009FB656 /* App */ = {
			isa = PBXGroup;
			children = (
				6AA00BF8296BBE2D009FB656 /* AppDelegate.swift */,
				6AA00BFA296BBE2D009FB656 /* SceneDelegate.swift */,
			);
			path = App;
			sourceTree = "<group>";
		};
		6AA00C28296BC3F4009FB656 /* Messages */ = {
			isa = PBXGroup;
			children = (
				6AA00C29296BCBAB009FB656 /* Cells */,
				6AA00BFC296BBE2D009FB656 /* MessegesViewController.swift */,
			);
			path = Messages;
			sourceTree = "<group>";
		};
		6AA00C29296BCBAB009FB656 /* Cells */ = {
			isa = PBXGroup;
			children = (
				6AA00C2A296BCBB5009FB656 /* MessageCell.swift */,
			);
			path = Cells;
			sourceTree = "<group>";
		};
		6AA00C2C296BCBD9009FB656 /* Helpers */ = {
			isa = PBXGroup;
			children = (
				6AA00C2D296BCBE2009FB656 /* Extensions */,
			);
			path = Helpers;
			sourceTree = "<group>";
		};
		6AA00C2D296BCBE2009FB656 /* Extensions */ = {
			isa = PBXGroup;
			children = (
			);
			path = Extensions;
			sourceTree = "<group>";
		};
		6AA00C2E296BCC09009FB656 /* Asset */ = {
			isa = PBXGroup;
			children = (
				6AA00C01296BBE2F009FB656 /* Assets.xcassets */,
			);
			path = Asset;
			sourceTree = "<group>";
		};
/* End PBXGroup section */

/* Begin PBXNativeTarget section */
		6AA00BF4296BBE2D009FB656 /* iMessageApp */ = {
			isa = PBXNativeTarget;
			buildConfigurationList = 6AA00C09296BBE2F009FB656 /* Build configuration list for PBXNativeTarget "iMessageApp" */;
			buildPhases = (
				6AA00BF1296BBE2D009FB656 /* Sources */,
				6AA00BF2296BBE2D009FB656 /* Frameworks */,
				6AA00BF3296BBE2D009FB656 /* Resources */,
				6AA00C23296BBFB2009FB656 /* Embed Foundation Extensions */,
			);
			buildRules = (
			);
			dependencies = (
				6AA00C1E296BBFB2009FB656 /* PBXTargetDependency */,
			);
			name = iMessageApp;
			productName = iMessageApp;
			productReference = 6AA00BF5296BBE2D009FB656 /* iMessageApp.app */;
			productType = "com.apple.product-type.application";
		};
		6AA00C0F296BBFB0009FB656 /* iMessageExtension */ = {
			isa = PBXNativeTarget;
			buildConfigurationList = 6AA00C20296BBFB2009FB656 /* Build configuration list for PBXNativeTarget "iMessageExtension" */;
			buildPhases = (
				6AA00C0C296BBFB0009FB656 /* Sources */,
				6AA00C0D296BBFB0009FB656 /* Frameworks */,
				6AA00C0E296BBFB0009FB656 /* Resources */,
			);
			buildRules = (
			);
			dependencies = (
			);
			name = iMessageExtension;
			productName = iMessageExtension;
			productReference = 6AA00C10296BBFB0009FB656 /* iMessageExtension.appex */;
			productType = "com.apple.product-type.app-extension.messages";
		};
/* End PBXNativeTarget section */

/* Begin PBXProject section */
		6AA00BED296BBE2D009FB656 /* Project object */ = {
			isa = PBXProject;
			attributes = {
				BuildIndependentTargetsInParallel = 1;
				LastSwiftUpdateCheck = 1400;
				LastUpgradeCheck = 1400;
				TargetAttributes = {
					6AA00BF4296BBE2D009FB656 = {
						CreatedOnToolsVersion = 14.0;
					};
					6AA00C0F296BBFB0009FB656 = {
						CreatedOnToolsVersion = 14.0;
					};
				};
			};
			buildConfigurationList = 6AA00BF0296BBE2D009FB656 /* Build configuration list for PBXProject "iMessageApp" */;
			compatibilityVersion = "Xcode 14.0";
			developmentRegion = en;
			hasScannedForEncodings = 0;
			knownRegions = (
				en,
				Base,
			);
			mainGroup = 6AA00BEC296BBE2D009FB656;
			productRefGroup = 6AA00BF6296BBE2D009FB656 /* Products */;
			projectDirPath = "";
			projectRoot = "";
			targets = (
				6AA00BF4296BBE2D009FB656 /* iMessageApp */,
				6AA00C0F296BBFB0009FB656 /* iMessageExtension */,
			);
		};
/* End PBXProject section */

/* Begin PBXResourcesBuildPhase section */
		6AA00BF3296BBE2D009FB656 /* Resources */ = {
			isa = PBXResourcesBuildPhase;
			buildActionMask = 2147483647;
			files = (
				6AA00C05296BBE2F009FB656 /* LaunchScreen.storyboard in Resources */,
				6AA00C02296BBE2F009FB656 /* Assets.xcassets in Resources */,
			);
			runOnlyForDeploymentPostprocessing = 0;
		};
		6AA00C0E296BBFB0009FB656 /* Resources */ = {
			isa = PBXResourcesBuildPhase;
			buildActionMask = 2147483647;
			files = (
				6AA00C1B296BBFB2009FB656 /* Assets.xcassets in Resources */,
				6AA00C19296BBFB0009FB656 /* MainInterface.storyboard in Resources */,
			);
			runOnlyForDeploymentPostprocessing = 0;
		};
/* End PBXResourcesBuildPhase section */

/* Begin PBXSourcesBuildPhase section */
		6AA00BF1296BBE2D009FB656 /* Sources */ = {
			isa = PBXSourcesBuildPhase;
			buildActionMask = 2147483647;
			files = (
				6AA00BFD296BBE2D009FB656 /* MessegesViewController.swift in Sources */,
				6AA00C2B296BCBB5009FB656 /* MessageCell.swift in Sources */,
				6AA00BF9296BBE2D009FB656 /* AppDelegate.swift in Sources */,
				6AA00BFB296BBE2D009FB656 /* SceneDelegate.swift in Sources */,
			);
			runOnlyForDeploymentPostprocessing = 0;
		};
		6AA00C0C296BBFB0009FB656 /* Sources */ = {
			isa = PBXSourcesBuildPhase;
			buildActionMask = 2147483647;
			files = (
				6AA00C16296BBFB0009FB656 /* MessagesViewController.swift in Sources */,
			);
			runOnlyForDeploymentPostprocessing = 0;
		};
/* End PBXSourcesBuildPhase section */

/* Begin PBXTargetDependency section */
		6AA00C1E296BBFB2009FB656 /* PBXTargetDependency */ = {
			isa = PBXTargetDependency;
			target = 6AA00C0F296BBFB0009FB656 /* iMessageExtension */;
			targetProxy = 6AA00C1D296BBFB2009FB656 /* PBXContainerItemProxy */;
		};
/* End PBXTargetDependency section */

/* Begin PBXVariantGroup section */
		6AA00C03296BBE2F009FB656 /* LaunchScreen.storyboard */ = {
			isa = PBXVariantGroup;
			children = (
				6AA00C04296BBE2F009FB656 /* Base */,
			);
			name = LaunchScreen.storyboard;
			sourceTree = "<group>";
		};
		6AA00C17296BBFB0009FB656 /* MainInterface.storyboard */ = {
			isa = PBXVariantGroup;
			children = (
				6AA00C18296BBFB0009FB656 /* Base */,
			);
			name = MainInterface.storyboard;
			sourceTree = "<group>";
		};
/* End PBXVariantGroup section */

/* Begin XCBuildConfiguration section */
		6AA00C07296BBE2F009FB656 /* Debug */ = {
			isa = XCBuildConfiguration;
			buildSettings = {
				ALWAYS_SEARCH_USER_PATHS = NO;
				CLANG_ANALYZER_NONNULL = YES;
				CLANG_ANALYZER_NUMBER_OBJECT_CONVERSION = YES_AGGRESSIVE;
				CLANG_CXX_LANGUAGE_STANDARD = "gnu++20";
				CLANG_ENABLE_MODULES = YES;
				CLANG_ENABLE_OBJC_ARC = YES;
				CLANG_ENABLE_OBJC_WEAK = YES;
				CLANG_WARN_BLOCK_CAPTURE_AUTORELEASING = YES;
				CLANG_WARN_BOOL_CONVERSION = YES;
				CLANG_WARN_COMMA = YES;
				CLANG_WARN_CONSTANT_CONVERSION = YES;
				CLANG_WARN_DEPRECATED_OBJC_IMPLEMENTATIONS = YES;
				CLANG_WARN_DIRECT_OBJC_ISA_USAGE = YES_ERROR;
				CLANG_WARN_DOCUMENTATION_COMMENTS = YES;
				CLANG_WARN_EMPTY_BODY = YES;
				CLANG_WARN_ENUM_CONVERSION = YES;
				CLANG_WARN_INFINITE_RECURSION = YES;
				CLANG_WARN_INT_CONVERSION = YES;
				CLANG_WARN_NON_LITERAL_NULL_CONVERSION = YES;
				CLANG_WARN_OBJC_IMPLICIT_RETAIN_SELF = YES;
				CLANG_WARN_OBJC_LITERAL_CONVERSION = YES;
				CLANG_WARN_OBJC_ROOT_CLASS = YES_ERROR;
				CLANG_WARN_QUOTED_INCLUDE_IN_FRAMEWORK_HEADER = YES;
				CLANG_WARN_RANGE_LOOP_ANALYSIS = YES;
				CLANG_WARN_STRICT_PROTOTYPES = YES;
				CLANG_WARN_SUSPICIOUS_MOVE = YES;
				CLANG_WARN_UNGUARDED_AVAILABILITY = YES_AGGRESSIVE;
				CLANG_WARN_UNREACHABLE_CODE = YES;
				CLANG_WARN__DUPLICATE_METHOD_MATCH = YES;
				COPY_PHASE_STRIP = NO;
				DEBUG_INFORMATION_FORMAT = dwarf;
				ENABLE_STRICT_OBJC_MSGSEND = YES;
				ENABLE_TESTABILITY = YES;
				GCC_C_LANGUAGE_STANDARD = gnu11;
				GCC_DYNAMIC_NO_PIC = NO;
				GCC_NO_COMMON_BLOCKS = YES;
				GCC_OPTIMIZATION_LEVEL = 0;
				GCC_PREPROCESSOR_DEFINITIONS = (
					"DEBUG=1",
					"$(inherited)",
				);
				GCC_WARN_64_TO_32_BIT_CONVERSION = YES;
				GCC_WARN_ABOUT_RETURN_TYPE = YES_ERROR;
				GCC_WARN_UNDECLARED_SELECTOR = YES;
				GCC_WARN_UNINITIALIZED_AUTOS = YES_AGGRESSIVE;
				GCC_WARN_UNUSED_FUNCTION = YES;
				GCC_WARN_UNUSED_VARIABLE = YES;
				IPHONEOS_DEPLOYMENT_TARGET = 13.0;
				MTL_ENABLE_DEBUG_INFO = INCLUDE_SOURCE;
				MTL_FAST_MATH = YES;
				ONLY_ACTIVE_ARCH = YES;
				SDKROOT = iphoneos;
				SWIFT_ACTIVE_COMPILATION_CONDITIONS = DEBUG;
				SWIFT_OPTIMIZATION_LEVEL = "-Onone";
			};
			name = Debug;
		};
		6AA00C08296BBE2F009FB656 /* Release */ = {
			isa = XCBuildConfiguration;
			buildSettings = {
				ALWAYS_SEARCH_USER_PATHS = NO;
				CLANG_ANALYZER_NONNULL = YES;
				CLANG_ANALYZER_NUMBER_OBJECT_CONVERSION = YES_AGGRESSIVE;
				CLANG_CXX_LANGUAGE_STANDARD = "gnu++20";
				CLANG_ENABLE_MODULES = YES;
				CLANG_ENABLE_OBJC_ARC = YES;
				CLANG_ENABLE_OBJC_WEAK = YES;
				CLANG_WARN_BLOCK_CAPTURE_AUTORELEASING = YES;
				CLANG_WARN_BOOL_CONVERSION = YES;
				CLANG_WARN_COMMA = YES;
				CLANG_WARN_CONSTANT_CONVERSION = YES;
				CLANG_WARN_DEPRECATED_OBJC_IMPLEMENTATIONS = YES;
				CLANG_WARN_DIRECT_OBJC_ISA_USAGE = YES_ERROR;
				CLANG_WARN_DOCUMENTATION_COMMENTS = YES;
				CLANG_WARN_EMPTY_BODY = YES;
				CLANG_WARN_ENUM_CONVERSION = YES;
				CLANG_WARN_INFINITE_RECURSION = YES;
				CLANG_WARN_INT_CONVERSION = YES;
				CLANG_WARN_NON_LITERAL_NULL_CONVERSION = YES;
				CLANG_WARN_OBJC_IMPLICIT_RETAIN_SELF = YES;
				CLANG_WARN_OBJC_LITERAL_CONVERSION = YES;
				CLANG_WARN_OBJC_ROOT_CLASS = YES_ERROR;
				CLANG_WARN_QUOTED_INCLUDE_IN_FRAMEWORK_HEADER = YES;
				CLANG_WARN_RANGE_LOOP_ANALYSIS = YES;
				CLANG_WARN_STRICT_PROTOTYPES = YES;
				CLANG_WARN_SUSPICIOUS_MOVE = YES;
				CLANG_WARN_UNGUARDED_AVAILABILITY = YES_AGGRESSIVE;
				CLANG_WARN_UNREACHABLE_CODE = YES;
				CLANG_WARN__DUPLICATE_METHOD_MATCH = YES;
				COPY_PHASE_STRIP = NO;
				DEBUG_INFORMATION_FORMAT = "dwarf-with-dsym";
				ENABLE_NS_ASSERTIONS = NO;
				ENABLE_STRICT_OBJC_MSGSEND = YES;
				GCC_C_LANGUAGE_STANDARD = gnu11;
				GCC_NO_COMMON_BLOCKS = YES;
				GCC_WARN_64_TO_32_BIT_CONVERSION = YES;
				GCC_WARN_ABOUT_RETURN_TYPE = YES_ERROR;
				GCC_WARN_UNDECLARED_SELECTOR = YES;
				GCC_WARN_UNINITIALIZED_AUTOS = YES_AGGRESSIVE;
				GCC_WARN_UNUSED_FUNCTION = YES;
				GCC_WARN_UNUSED_VARIABLE = YES;
				IPHONEOS_DEPLOYMENT_TARGET = 13.0;
				MTL_ENABLE_DEBUG_INFO = NO;
				MTL_FAST_MATH = YES;
				SDKROOT = iphoneos;
				SWIFT_COMPILATION_MODE = wholemodule;
				SWIFT_OPTIMIZATION_LEVEL = "-O";
				VALIDATE_PRODUCT = YES;
			};
			name = Release;
		};
		6AA00C0A296BBE2F009FB656 /* Debug */ = {
			isa = XCBuildConfiguration;
			buildSettings = {
				ALWAYS_EMBED_SWIFT_STANDARD_LIBRARIES = YES;
				ASSETCATALOG_COMPILER_APPICON_NAME = AppIcon;
				ASSETCATALOG_COMPILER_GLOBAL_ACCENT_COLOR_NAME = AccentColor;
				CODE_SIGN_ENTITLEMENTS = iMessageApp/iMessageApp.entitlements;
				CODE_SIGN_STYLE = Automatic;
				CURRENT_PROJECT_VERSION = 1;
				DEVELOPMENT_TEAM = K7AB4TLJ34;
				GENERATE_INFOPLIST_FILE = YES;
				INFOPLIST_FILE = iMessageApp/Info.plist;
				INFOPLIST_KEY_UIApplicationSupportsIndirectInputEvents = YES;
				INFOPLIST_KEY_UILaunchStoryboardName = LaunchScreen;
				INFOPLIST_KEY_UIMainStoryboardFile = "";
				INFOPLIST_KEY_UISupportedInterfaceOrientations_iPad = "UIInterfaceOrientationPortrait UIInterfaceOrientationPortraitUpsideDown UIInterfaceOrientationLandscapeLeft UIInterfaceOrientationLandscapeRight";
				INFOPLIST_KEY_UISupportedInterfaceOrientations_iPhone = "UIInterfaceOrientationPortrait UIInterfaceOrientationLandscapeLeft UIInterfaceOrientationLandscapeRight";
				LD_RUNPATH_SEARCH_PATHS = (
					"$(inherited)",
					"@executable_path/Frameworks",
				);
				MARKETING_VERSION = 1.0;
				PRODUCT_BUNDLE_IDENTIFIER = com.pun.rabin.iMessageApp;
				PRODUCT_NAME = "$(TARGET_NAME)";
				SWIFT_EMIT_LOC_STRINGS = YES;
				SWIFT_VERSION = 5.0;
				TARGETED_DEVICE_FAMILY = "1,2";
			};
			name = Debug;
		};
		6AA00C0B296BBE2F009FB656 /* Release */ = {
			isa = XCBuildConfiguration;
			buildSettings = {
				ALWAYS_EMBED_SWIFT_STANDARD_LIBRARIES = YES;
				ASSETCATALOG_COMPILER_APPICON_NAME = AppIcon;
				ASSETCATALOG_COMPILER_GLOBAL_ACCENT_COLOR_NAME = AccentColor;
				CODE_SIGN_ENTITLEMENTS = iMessageApp/iMessageApp.entitlements;
				CODE_SIGN_STYLE = Automatic;
				CURRENT_PROJECT_VERSION = 1;
				DEVELOPMENT_TEAM = K7AB4TLJ34;
				GENERATE_INFOPLIST_FILE = YES;
				INFOPLIST_FILE = iMessageApp/Info.plist;
				INFOPLIST_KEY_UIApplicationSupportsIndirectInputEvents = YES;
				INFOPLIST_KEY_UILaunchStoryboardName = LaunchScreen;
				INFOPLIST_KEY_UIMainStoryboardFile = "";
				INFOPLIST_KEY_UISupportedInterfaceOrientations_iPad = "UIInterfaceOrientationPortrait UIInterfaceOrientationPortraitUpsideDown UIInterfaceOrientationLandscapeLeft UIInterfaceOrientationLandscapeRight";
				INFOPLIST_KEY_UISupportedInterfaceOrientations_iPhone = "UIInterfaceOrientationPortrait UIInterfaceOrientationLandscapeLeft UIInterfaceOrientationLandscapeRight";
				LD_RUNPATH_SEARCH_PATHS = (
					"$(inherited)",
					"@executable_path/Frameworks",
				);
				MARKETING_VERSION = 1.0;
				PRODUCT_BUNDLE_IDENTIFIER = com.pun.rabin.iMessageApp;
				PRODUCT_NAME = "$(TARGET_NAME)";
				SWIFT_EMIT_LOC_STRINGS = YES;
				SWIFT_VERSION = 5.0;
				TARGETED_DEVICE_FAMILY = "1,2";
			};
			name = Release;
		};
		6AA00C21296BBFB2009FB656 /* Debug */ = {
			isa = XCBuildConfiguration;
			buildSettings = {
				ASSETCATALOG_COMPILER_APPICON_NAME = "iMessage App Icon";
				CODE_SIGN_ENTITLEMENTS = iMessageExtension/iMessageExtension.entitlements;
				CODE_SIGN_STYLE = Automatic;
				CURRENT_PROJECT_VERSION = 1;
				DEVELOPMENT_TEAM = K7AB4TLJ34;
				GENERATE_INFOPLIST_FILE = YES;
				INFOPLIST_FILE = iMessageExtension/Info.plist;
				INFOPLIST_KEY_CFBundleDisplayName = iMessageExtension;
				INFOPLIST_KEY_NSHumanReadableCopyright = "";
				IPHONEOS_DEPLOYMENT_TARGET = 13.0;
				LD_RUNPATH_SEARCH_PATHS = (
					"$(inherited)",
					"@executable_path/Frameworks",
					"@executable_path/../../Frameworks",
				);
				MARKETING_VERSION = 1.0;
				PRODUCT_BUNDLE_IDENTIFIER = com.pun.rabin.iMessageApp.iMessageExtension;
				PRODUCT_NAME = "$(TARGET_NAME)";
				SKIP_INSTALL = YES;
				SWIFT_EMIT_LOC_STRINGS = YES;
				SWIFT_VERSION = 5.0;
				TARGETED_DEVICE_FAMILY = "1,2";
			};
			name = Debug;
		};
		6AA00C22296BBFB2009FB656 /* Release */ = {
			isa = XCBuildConfiguration;
			buildSettings = {
				ASSETCATALOG_COMPILER_APPICON_NAME = "iMessage App Icon";
				CODE_SIGN_ENTITLEMENTS = iMessageExtension/iMessageExtension.entitlements;
				CODE_SIGN_STYLE = Automatic;
				CURRENT_PROJECT_VERSION = 1;
				DEVELOPMENT_TEAM = K7AB4TLJ34;
				GENERATE_INFOPLIST_FILE = YES;
				INFOPLIST_FILE = iMessageExtension/Info.plist;
				INFOPLIST_KEY_CFBundleDisplayName = iMessageExtension;
				INFOPLIST_KEY_NSHumanReadableCopyright = "";
				IPHONEOS_DEPLOYMENT_TARGET = 13.0;
				LD_RUNPATH_SEARCH_PATHS = (
					"$(inherited)",
					"@executable_path/Frameworks",
					"@executable_path/../../Frameworks",
				);
				MARKETING_VERSION = 1.0;
				PRODUCT_BUNDLE_IDENTIFIER = com.pun.rabin.iMessageApp.iMessageExtension;
				PRODUCT_NAME = "$(TARGET_NAME)";
				SKIP_INSTALL = YES;
				SWIFT_EMIT_LOC_STRINGS = YES;
				SWIFT_VERSION = 5.0;
				TARGETED_DEVICE_FAMILY = "1,2";
			};
			name = Release;
		};
/* End XCBuildConfiguration section */

/* Begin XCConfigurationList section */
		6AA00BF0296BBE2D009FB656 /* Build configuration list for PBXProject "iMessageApp" */ = {
			isa = XCConfigurationList;
			buildConfigurations = (
				6AA00C07296BBE2F009FB656 /* Debug */,
				6AA00C08296BBE2F009FB656 /* Release */,
			);
			defaultConfigurationIsVisible = 0;
			defaultConfigurationName = Release;
		};
		6AA00C09296BBE2F009FB656 /* Build configuration list for PBXNativeTarget "iMessageApp" */ = {
			isa = XCConfigurationList;
			buildConfigurations = (
				6AA00C0A296BBE2F009FB656 /* Debug */,
				6AA00C0B296BBE2F009FB656 /* Release */,
			);
			defaultConfigurationIsVisible = 0;
			defaultConfigurationName = Release;
		};
		6AA00C20296BBFB2009FB656 /* Build configuration list for PBXNativeTarget "iMessageExtension" */ = {
			isa = XCConfigurationList;
			buildConfigurations = (
				6AA00C21296BBFB2009FB656 /* Debug */,
				6AA00C22296BBFB2009FB656 /* Release */,
			);
			defaultConfigurationIsVisible = 0;
			defaultConfigurationName = Release;
		};
/* End XCConfigurationList section */
	};
	rootObject = 6AA00BED296BBE2D009FB656 /* Project object */;
}
